
Microsoft Visual Studio Solution File, Format Version 12.00
# Visual Studio Version 17
VisualStudioVersion = 17.10.34916.146
MinimumVisualStudioVersion = 10.0.40219.1
Project("{9A19103F-16F7-4668-BE54-9A1E7A4F7556}") = "SWD.SportShirtShop.Api", "SWD.SportShirtShop.Api\SWD.SportShirtShop.Api.csproj", "{83CB7F2F-E087-49F6-8EC0-E43466AC9385}"
EndProject
Project("{9A19103F-16F7-4668-BE54-9A1E7A4F7556}") = "SWD.SportShirtShop.Services", "SWD.SportShirtShop.Services\SWD.SportShirtShop.Services.csproj", "{4A6840A0-A179-4DAF-8D9A-9654B5AFA829}"
EndProject
Project("{9A19103F-16F7-4668-BE54-9A1E7A4F7556}") = "SWD.SportShirtShop.Repo", "SWD.SportShirtShop.Repo\SWD.SportShirtShop.Repo.csproj", "{F2D522B1-5124-43F7-AB90-23DE4F75F550}"
EndProject
Project("{FAE04EC0-301F-11D3-BF4B-00C04F79EFBC}") = "SWD.SportShirtShop.Common", "SWD.SportShirtShop.Common\SWD.SportShirtShop.Common.csproj", "{5CFBFA2F-0E6A-4161-8339-D2E5D78C5D05}"
EndProject
Global
	GlobalSection(SolutionConfigurationPlatforms) = preSolution
		Debug|Any CPU = Debug|Any CPU
		Release|Any CPU = Release|Any CPU
	EndGlobalSection
	GlobalSection(ProjectConfigurationPlatforms) = postSolution
		{83CB7F2F-E087-49F6-8EC0-E43466AC9385}.Debug|Any CPU.ActiveCfg = Debug|Any CPU
		{83CB7F2F-E087-49F6-8EC0-E43466AC9385}.Debug|Any CPU.Build.0 = Debug|Any CPU
		{83CB7F2F-E087-49F6-8EC0-E43466AC9385}.Release|Any CPU.ActiveCfg = Release|Any CPU
		{83CB7F2F-E087-49F6-8EC0-E43466AC9385}.Release|Any CPU.Build.0 = Release|Any CPU
		{4A6840A0-A179-4DAF-8D9A-9654B5AFA829}.Debug|Any CPU.ActiveCfg = Debug|Any CPU
		{4A6840A0-A179-4DAF-8D9A-9654B5AFA829}.Debug|Any CPU.Build.0 = Debug|Any CPU
		{4A6840A0-A179-4DAF-8D9A-9654B5AFA829}.Release|Any CPU.ActiveCfg = Release|Any CPU
		{4A6840A0-A179-4DAF-8D9A-9654B5AFA829}.Release|Any CPU.Build.0 = Release|Any CPU
		{F2D522B1-5124-43F7-AB90-23DE4F75F550}.Debug|Any CPU.ActiveCfg = Debug|Any CPU
		{F2D522B1-5124-43F7-AB90-23DE4F75F550}.Debug|Any CPU.Build.0 = Debug|Any CPU
		{F2D522B1-5124-43F7-AB90-23DE4F75F550}.Release|Any CPU.ActiveCfg = Release|Any CPU
		{F2D522B1-5124-43F7-AB90-23DE4F75F550}.Release|Any CPU.Build.0 = Release|Any CPU
		{5CFBFA2F-0E6A-4161-8339-D2E5D78C5D05}.Debug|Any CPU.ActiveCfg = Debug|Any CPU
		{5CFBFA2F-0E6A-4161-8339-D2E5D78C5D05}.Debug|Any CPU.Build.0 = Debug|Any CPU
		{5CFBFA2F-0E6A-4161-8339-D2E5D78C5D05}.Release|Any CPU.ActiveCfg = Release|Any CPU
		{5CFBFA2F-0E6A-4161-8339-D2E5D78C5D05}.Release|Any CPU.Build.0 = Release|Any CPU
	EndGlobalSection
	GlobalSection(SolutionProperties) = preSolution
		HideSolutionNode = FALSE
	EndGlobalSection
	GlobalSection(ExtensibilityGlobals) = postSolution
		SolutionGuid = {2CD94B4F-6AC5-4CF9-9D65-AE1B6A1D7E13}
	EndGlobalSection
EndGlobal
